
Microsoft Visual Studio Solution File, Format Version 12.00
Project("{FAE04EC0-301F-11D3-BF4B-00C04F79EFBC}") = "EVote360", "EVote360\EVote360.csproj", "{9FEB7319-68CC-4178-82CA-B1B123C451EA}"
EndProject
Project("{2150E333-8FDC-42A3-9474-1A3956D46DE8}") = "Source", "Source", "{2B609605-94C0-4DE2-BB83-6640E86D4F5C}"
EndProject
Project("{2150E333-8FDC-42A3-9474-1A3956D46DE8}") = "Infrastructure", "Infrastructure", "{59CBAE36-B5CB-41D1-8D43-63CA92524041}"
EndProject
Project("{2150E333-8FDC-42A3-9474-1A3956D46DE8}") = "Core", "Core", "{D7D6145C-9133-47EF-BA7B-DD91748B4376}"
EndProject
Project("{2150E333-8FDC-42A3-9474-1A3956D46DE8}") = "Presentation", "Presentation", "{1D6009C8-EA2F-4933-9D88-066179107320}"
EndProject
Project("{FAE04EC0-301F-11D3-BF4B-00C04F79EFBC}") = "Evote360.Core.Domain", "Evote360.Core.Domain\Evote360.Core.Domain.csproj", "{ACA4AC9F-5E83-4567-A388-0A713995CCF8}"
EndProject
Project("{FAE04EC0-301F-11D3-BF4B-00C04F79EFBC}") = "Evote360.Core.Application", "Evote360.Core.Application\Evote360.Core.Application.csproj", "{31D58634-AB18-420E-A732-6CE3B5E3C080}"
EndProject
Project("{FAE04EC0-301F-11D3-BF4B-00C04F79EFBC}") = "Evote360.Infrastructure.Persistence", "Evote360.Infrastructure.Persistence\Evote360.Infrastructure.Persistence.csproj", "{BF7B0810-93E9-418E-B2F5-9DD2C2CAD77A}"
EndProject
Global
	GlobalSection(SolutionConfigurationPlatforms) = preSolution
		Debug|Any CPU = Debug|Any CPU
		Release|Any CPU = Release|Any CPU
	EndGlobalSection
	GlobalSection(ProjectConfigurationPlatforms) = postSolution
		{9FEB7319-68CC-4178-82CA-B1B123C451EA}.Debug|Any CPU.ActiveCfg = Debug|Any CPU
		{9FEB7319-68CC-4178-82CA-B1B123C451EA}.Debug|Any CPU.Build.0 = Debug|Any CPU
		{9FEB7319-68CC-4178-82CA-B1B123C451EA}.Release|Any CPU.ActiveCfg = Release|Any CPU
		{9FEB7319-68CC-4178-82CA-B1B123C451EA}.Release|Any CPU.Build.0 = Release|Any CPU
		{ACA4AC9F-5E83-4567-A388-0A713995CCF8}.Debug|Any CPU.ActiveCfg = Debug|Any CPU
		{ACA4AC9F-5E83-4567-A388-0A713995CCF8}.Debug|Any CPU.Build.0 = Debug|Any CPU
		{ACA4AC9F-5E83-4567-A388-0A713995CCF8}.Release|Any CPU.ActiveCfg = Release|Any CPU
		{ACA4AC9F-5E83-4567-A388-0A713995CCF8}.Release|Any CPU.Build.0 = Release|Any CPU
		{31D58634-AB18-420E-A732-6CE3B5E3C080}.Debug|Any CPU.ActiveCfg = Debug|Any CPU
		{31D58634-AB18-420E-A732-6CE3B5E3C080}.Debug|Any CPU.Build.0 = Debug|Any CPU
		{31D58634-AB18-420E-A732-6CE3B5E3C080}.Release|Any CPU.ActiveCfg = Release|Any CPU
		{31D58634-AB18-420E-A732-6CE3B5E3C080}.Release|Any CPU.Build.0 = Release|Any CPU
		{BF7B0810-93E9-418E-B2F5-9DD2C2CAD77A}.Debug|Any CPU.ActiveCfg = Debug|Any CPU
		{BF7B0810-93E9-418E-B2F5-9DD2C2CAD77A}.Debug|Any CPU.Build.0 = Debug|Any CPU
		{BF7B0810-93E9-418E-B2F5-9DD2C2CAD77A}.Release|Any CPU.ActiveCfg = Release|Any CPU
		{BF7B0810-93E9-418E-B2F5-9DD2C2CAD77A}.Release|Any CPU.Build.0 = Release|Any CPU
	EndGlobalSection
	GlobalSection(NestedProjects) = preSolution
		{59CBAE36-B5CB-41D1-8D43-63CA92524041} = {2B609605-94C0-4DE2-BB83-6640E86D4F5C}
		{D7D6145C-9133-47EF-BA7B-DD91748B4376} = {2B609605-94C0-4DE2-BB83-6640E86D4F5C}
		{1D6009C8-EA2F-4933-9D88-066179107320} = {2B609605-94C0-4DE2-BB83-6640E86D4F5C}
		{ACA4AC9F-5E83-4567-A388-0A713995CCF8} = {D7D6145C-9133-47EF-BA7B-DD91748B4376}
		{31D58634-AB18-420E-A732-6CE3B5E3C080} = {D7D6145C-9133-47EF-BA7B-DD91748B4376}
		{BF7B0810-93E9-418E-B2F5-9DD2C2CAD77A} = {59CBAE36-B5CB-41D1-8D43-63CA92524041}
		{9FEB7319-68CC-4178-82CA-B1B123C451EA} = {1D6009C8-EA2F-4933-9D88-066179107320}
	EndGlobalSection
EndGlobal
